// !$*UTF8*$!
{
	archiveVersion = 1;
	classes = {
	};
	objectVersion = 55;
	objects = {

/* Begin PBXBuildFile section */
		B8110C3D28D1E8380004F0FB /* IBPCollectionViewCompositionalLayout in Frameworks */ = {isa = PBXBuildFile; productRef = B8110C3C28D1E8380004F0FB /* IBPCollectionViewCompositionalLayout */; };
		B839EB8A28CB221A00233A0A /* SampleVerticalCell.swift in Sources */ = {isa = PBXBuildFile; fileRef = B839EB8928CB221A00233A0A /* SampleVerticalCell.swift */; };
		B839EB8C28CB54A000233A0A /* SampleHorizontalCell.swift in Sources */ = {isa = PBXBuildFile; fileRef = B839EB8B28CB54A000233A0A /* SampleHorizontalCell.swift */; };
		B87DD97928C2434B00C8D312 /* AppDelegate.swift in Sources */ = {isa = PBXBuildFile; fileRef = B87DD97828C2434B00C8D312 /* AppDelegate.swift */; };
		B87DD97B28C2434B00C8D312 /* SceneDelegate.swift in Sources */ = {isa = PBXBuildFile; fileRef = B87DD97A28C2434B00C8D312 /* SceneDelegate.swift */; };
		B87DD97D28C2434B00C8D312 /* MainViewController.swift in Sources */ = {isa = PBXBuildFile; fileRef = B87DD97C28C2434B00C8D312 /* MainViewController.swift */; };
		B87DD98228C2434D00C8D312 /* Assets.xcassets in Resources */ = {isa = PBXBuildFile; fileRef = B87DD98128C2434D00C8D312 /* Assets.xcassets */; };
		B87DD98528C2434D00C8D312 /* LaunchScreen.storyboard in Resources */ = {isa = PBXBuildFile; fileRef = B87DD98328C2434D00C8D312 /* LaunchScreen.storyboard */; };
		B87DD98E28C2458700C8D312 /* SnapKit in Frameworks */ = {isa = PBXBuildFile; productRef = B87DD98D28C2458700C8D312 /* SnapKit */; };
		B87DD99028C246EC00C8D312 /* TableVC.swift in Sources */ = {isa = PBXBuildFile; fileRef = B87DD98F28C246EC00C8D312 /* TableVC.swift */; };
		B87DD99228C2470400C8D312 /* VerticalCollectionVC.swift in Sources */ = {isa = PBXBuildFile; fileRef = B87DD99128C2470400C8D312 /* VerticalCollectionVC.swift */; };
		B87DD99428C2471900C8D312 /* HorizontalCollectionVC.swift in Sources */ = {isa = PBXBuildFile; fileRef = B87DD99328C2471900C8D312 /* HorizontalCollectionVC.swift */; };
		B87DD99628C2474C00C8D312 /* GridCollectionVC.swift in Sources */ = {isa = PBXBuildFile; fileRef = B87DD99528C2474C00C8D312 /* GridCollectionVC.swift */; };
		B87DD99828C2478F00C8D312 /* CompositeCollectionVC.swift in Sources */ = {isa = PBXBuildFile; fileRef = B87DD99728C2478F00C8D312 /* CompositeCollectionVC.swift */; };
		B87FFAA228D1FD5A00002F1B /* GridViewController.swift in Sources */ = {isa = PBXBuildFile; fileRef = B87FFAA128D1FD5A00002F1B /* GridViewController.swift */; };
		B87FFAA428D1FD7D00002F1B /* InsetItemGridController.swift in Sources */ = {isa = PBXBuildFile; fileRef = B87FFAA328D1FD7D00002F1B /* InsetItemGridController.swift */; };
		B87FFAA628D207BD00002F1B /* TextCell.swift in Sources */ = {isa = PBXBuildFile; fileRef = B87FFAA528D207BD00002F1B /* TextCell.swift */; };
		B87FFAA828D349EE00002F1B /* TwoColumnGridController.swift in Sources */ = {isa = PBXBuildFile; fileRef = B87FFAA728D349EE00002F1B /* TwoColumnGridController.swift */; };
		B87FFAAA28D355C300002F1B /* DistinctCV.swift in Sources */ = {isa = PBXBuildFile; fileRef = B87FFAA928D355C300002F1B /* DistinctCV.swift */; };
		B87FFAAC28D359A800002F1B /* ListCell.swift in Sources */ = {isa = PBXBuildFile; fileRef = B87FFAAB28D359A800002F1B /* ListCell.swift */; };
		B87FFAAE28D5BEBC00002F1B /* DistinctSectionController.swift in Sources */ = {isa = PBXBuildFile; fileRef = B87FFAAD28D5BEBC00002F1B /* DistinctSectionController.swift */; };
		B8F09A6D28CC3A4E00E66190 /* Alamofire in Frameworks */ = {isa = PBXBuildFile; productRef = B8F09A6C28CC3A4E00E66190 /* Alamofire */; };
		B8F09A7028CC3A5F00E66190 /* Kingfisher in Frameworks */ = {isa = PBXBuildFile; productRef = B8F09A6F28CC3A5F00E66190 /* Kingfisher */; };
		B8F09A7228CC4F8700E66190 /* SampleGridCell.swift in Sources */ = {isa = PBXBuildFile; fileRef = B8F09A7128CC4F8700E66190 /* SampleGridCell.swift */; };
		B8F09A7428CC610500E66190 /* Image.swift in Sources */ = {isa = PBXBuildFile; fileRef = B8F09A7328CC610500E66190 /* Image.swift */; };
		B8F09A7628CC7B3100E66190 /* ImageDetailView.swift in Sources */ = {isa = PBXBuildFile; fileRef = B8F09A7528CC7B3100E66190 /* ImageDetailView.swift */; };
/* End PBXBuildFile section */

/* Begin PBXFileReference section */
		B839EB8928CB221A00233A0A /* SampleVerticalCell.swift */ = {isa = PBXFileReference; lastKnownFileType = sourcecode.swift; path = SampleVerticalCell.swift; sourceTree = "<group>"; };
		B839EB8B28CB54A000233A0A /* SampleHorizontalCell.swift */ = {isa = PBXFileReference; lastKnownFileType = sourcecode.swift; path = SampleHorizontalCell.swift; sourceTree = "<group>"; };
		B87DD97528C2434B00C8D312 /* SnapKitLayout.app */ = {isa = PBXFileReference; explicitFileType = wrapper.application; includeInIndex = 0; path = SnapKitLayout.app; sourceTree = BUILT_PRODUCTS_DIR; };
		B87DD97828C2434B00C8D312 /* AppDelegate.swift */ = {isa = PBXFileReference; lastKnownFileType = sourcecode.swift; path = AppDelegate.swift; sourceTree = "<group>"; };
		B87DD97A28C2434B00C8D312 /* SceneDelegate.swift */ = {isa = PBXFileReference; lastKnownFileType = sourcecode.swift; path = SceneDelegate.swift; sourceTree = "<group>"; };
		B87DD97C28C2434B00C8D312 /* MainViewController.swift */ = {isa = PBXFileReference; lastKnownFileType = sourcecode.swift; path = MainViewController.swift; sourceTree = "<group>"; };
		B87DD98128C2434D00C8D312 /* Assets.xcassets */ = {isa = PBXFileReference; lastKnownFileType = folder.assetcatalog; path = Assets.xcassets; sourceTree = "<group>"; };
		B87DD98428C2434D00C8D312 /* Base */ = {isa = PBXFileReference; lastKnownFileType = file.storyboard; name = Base; path = Base.lproj/LaunchScreen.storyboard; sourceTree = "<group>"; };
		B87DD98628C2434D00C8D312 /* Info.plist */ = {isa = PBXFileReference; lastKnownFileType = text.plist.xml; path = Info.plist; sourceTree = "<group>"; };
		B87DD98F28C246EC00C8D312 /* TableVC.swift */ = {isa = PBXFileReference; lastKnownFileType = sourcecode.swift; path = TableVC.swift; sourceTree = "<group>"; };
		B87DD99128C2470400C8D312 /* VerticalCollectionVC.swift */ = {isa = PBXFileReference; lastKnownFileType = sourcecode.swift; path = VerticalCollectionVC.swift; sourceTree = "<group>"; };
		B87DD99328C2471900C8D312 /* HorizontalCollectionVC.swift */ = {isa = PBXFileReference; lastKnownFileType = sourcecode.swift; path = HorizontalCollectionVC.swift; sourceTree = "<group>"; };
		B87DD99528C2474C00C8D312 /* GridCollectionVC.swift */ = {isa = PBXFileReference; lastKnownFileType = sourcecode.swift; path = GridCollectionVC.swift; sourceTree = "<group>"; };
		B87DD99728C2478F00C8D312 /* CompositeCollectionVC.swift */ = {isa = PBXFileReference; lastKnownFileType = sourcecode.swift; path = CompositeCollectionVC.swift; sourceTree = "<group>"; };
		B87FFAA128D1FD5A00002F1B /* GridViewController.swift */ = {isa = PBXFileReference; lastKnownFileType = sourcecode.swift; path = GridViewController.swift; sourceTree = "<group>"; };
		B87FFAA328D1FD7D00002F1B /* InsetItemGridController.swift */ = {isa = PBXFileReference; lastKnownFileType = sourcecode.swift; path = InsetItemGridController.swift; sourceTree = "<group>"; };
		B87FFAA528D207BD00002F1B /* TextCell.swift */ = {isa = PBXFileReference; lastKnownFileType = sourcecode.swift; path = TextCell.swift; sourceTree = "<group>"; };
		B87FFAA728D349EE00002F1B /* TwoColumnGridController.swift */ = {isa = PBXFileReference; lastKnownFileType = sourcecode.swift; path = TwoColumnGridController.swift; sourceTree = "<group>"; };
		B87FFAA928D355C300002F1B /* DistinctCV.swift */ = {isa = PBXFileReference; lastKnownFileType = sourcecode.swift; path = DistinctCV.swift; sourceTree = "<group>"; };
		B87FFAAB28D359A800002F1B /* ListCell.swift */ = {isa = PBXFileReference; lastKnownFileType = sourcecode.swift; path = ListCell.swift; sourceTree = "<group>"; };
		B87FFAAD28D5BEBC00002F1B /* DistinctSectionController.swift */ = {isa = PBXFileReference; lastKnownFileType = sourcecode.swift; path = DistinctSectionController.swift; sourceTree = "<group>"; };
		B8F09A7128CC4F8700E66190 /* SampleGridCell.swift */ = {isa = PBXFileReference; lastKnownFileType = sourcecode.swift; path = SampleGridCell.swift; sourceTree = "<group>"; };
		B8F09A7328CC610500E66190 /* Image.swift */ = {isa = PBXFileReference; lastKnownFileType = sourcecode.swift; path = Image.swift; sourceTree = "<group>"; };
		B8F09A7528CC7B3100E66190 /* ImageDetailView.swift */ = {isa = PBXFileReference; lastKnownFileType = sourcecode.swift; path = ImageDetailView.swift; sourceTree = "<group>"; };
/* End PBXFileReference section */

/* Begin PBXFrameworksBuildPhase section */
		B87DD97228C2434B00C8D312 /* Frameworks */ = {
			isa = PBXFrameworksBuildPhase;
			buildActionMask = 2147483647;
			files = (
				B8F09A7028CC3A5F00E66190 /* Kingfisher in Frameworks */,
				B8110C3D28D1E8380004F0FB /* IBPCollectionViewCompositionalLayout in Frameworks */,
				B87DD98E28C2458700C8D312 /* SnapKit in Frameworks */,
				B8F09A6D28CC3A4E00E66190 /* Alamofire in Frameworks */,
			);
			runOnlyForDeploymentPostprocessing = 0;
		};
/* End PBXFrameworksBuildPhase section */

/* Begin PBXGroup section */
		B87DD96C28C2434B00C8D312 = {
			isa = PBXGroup;
			children = (
				B87DD97728C2434B00C8D312 /* SnapKitLayout */,
				B87DD97628C2434B00C8D312 /* Products */,
			);
			sourceTree = "<group>";
		};
		B87DD97628C2434B00C8D312 /* Products */ = {
			isa = PBXGroup;
			children = (
				B87DD97528C2434B00C8D312 /* SnapKitLayout.app */,
			);
			name = Products;
			sourceTree = "<group>";
		};
		B87DD97728C2434B00C8D312 /* SnapKitLayout */ = {
			isa = PBXGroup;
			children = (
				B87DD97828C2434B00C8D312 /* AppDelegate.swift */,
				B87DD97A28C2434B00C8D312 /* SceneDelegate.swift */,
				B87DD98128C2434D00C8D312 /* Assets.xcassets */,
				B87DD98328C2434D00C8D312 /* LaunchScreen.storyboard */,
				B87DD98628C2434D00C8D312 /* Info.plist */,
				B87DD97C28C2434B00C8D312 /* MainViewController.swift */,
				B87DD99928C2479D00C8D312 /* TableViewController */,
				B87DD99A28C247AA00C8D312 /* VerticalCollectionView */,
				B87DD99B28C247B500C8D312 /* HorizontalCollectionView */,
				B87DD99C28C247C200C8D312 /* GridCollectionView */,
				B87DD99D28C247CD00C8D312 /* CompositeCollectionView */,
			);
			path = SnapKitLayout;
			sourceTree = "<group>";
		};
		B87DD99928C2479D00C8D312 /* TableViewController */ = {
			isa = PBXGroup;
			children = (
				B87DD98F28C246EC00C8D312 /* TableVC.swift */,
			);
			path = TableViewController;
			sourceTree = "<group>";
		};
		B87DD99A28C247AA00C8D312 /* VerticalCollectionView */ = {
			isa = PBXGroup;
			children = (
				B87DD99128C2470400C8D312 /* VerticalCollectionVC.swift */,
				B839EB8928CB221A00233A0A /* SampleVerticalCell.swift */,
			);
			path = VerticalCollectionView;
			sourceTree = "<group>";
		};
		B87DD99B28C247B500C8D312 /* HorizontalCollectionView */ = {
			isa = PBXGroup;
			children = (
				B87DD99328C2471900C8D312 /* HorizontalCollectionVC.swift */,
				B839EB8B28CB54A000233A0A /* SampleHorizontalCell.swift */,
			);
			path = HorizontalCollectionView;
			sourceTree = "<group>";
		};
		B87DD99C28C247C200C8D312 /* GridCollectionView */ = {
			isa = PBXGroup;
			children = (
				B87DD99528C2474C00C8D312 /* GridCollectionVC.swift */,
				B8F09A7128CC4F8700E66190 /* SampleGridCell.swift */,
				B8F09A7528CC7B3100E66190 /* ImageDetailView.swift */,
				B8F09A7328CC610500E66190 /* Image.swift */,
			);
			path = GridCollectionView;
			sourceTree = "<group>";
		};
		B87DD99D28C247CD00C8D312 /* CompositeCollectionView */ = {
			isa = PBXGroup;
			children = (
				B87DD99728C2478F00C8D312 /* CompositeCollectionVC.swift */,
				B87FFAA128D1FD5A00002F1B /* GridViewController.swift */,
				B87FFAA328D1FD7D00002F1B /* InsetItemGridController.swift */,
				B87FFAA728D349EE00002F1B /* TwoColumnGridController.swift */,
				B87FFAA928D355C300002F1B /* DistinctCV.swift */,
				B87FFAAD28D5BEBC00002F1B /* DistinctSectionController.swift */,
				B87FFAA528D207BD00002F1B /* TextCell.swift */,
				B87FFAAB28D359A800002F1B /* ListCell.swift */,
			);
			path = CompositeCollectionView;
			sourceTree = "<group>";
		};
/* End PBXGroup section */

/* Begin PBXNativeTarget section */
		B87DD97428C2434B00C8D312 /* SnapKitLayout */ = {
			isa = PBXNativeTarget;
			buildConfigurationList = B87DD98928C2434D00C8D312 /* Build configuration list for PBXNativeTarget "SnapKitLayout" */;
			buildPhases = (
				B87DD97128C2434B00C8D312 /* Sources */,
				B87DD97228C2434B00C8D312 /* Frameworks */,
				B87DD97328C2434B00C8D312 /* Resources */,
			);
			buildRules = (
			);
			dependencies = (
			);
			name = SnapKitLayout;
			packageProductDependencies = (
				B87DD98D28C2458700C8D312 /* SnapKit */,
				B8F09A6C28CC3A4E00E66190 /* Alamofire */,
				B8F09A6F28CC3A5F00E66190 /* Kingfisher */,
				B8110C3C28D1E8380004F0FB /* IBPCollectionViewCompositionalLayout */,
			);
			productName = SnapKitLayout;
			productReference = B87DD97528C2434B00C8D312 /* SnapKitLayout.app */;
			productType = "com.apple.product-type.application";
		};
/* End PBXNativeTarget section */

/* Begin PBXProject section */
		B87DD96D28C2434B00C8D312 /* Project object */ = {
			isa = PBXProject;
			attributes = {
				BuildIndependentTargetsInParallel = 1;
				LastSwiftUpdateCheck = 1340;
				LastUpgradeCheck = 1340;
				TargetAttributes = {
					B87DD97428C2434B00C8D312 = {
						CreatedOnToolsVersion = 13.4.1;
					};
				};
			};
			buildConfigurationList = B87DD97028C2434B00C8D312 /* Build configuration list for PBXProject "SnapKitLayout" */;
			compatibilityVersion = "Xcode 13.0";
			developmentRegion = en;
			hasScannedForEncodings = 0;
			knownRegions = (
				en,
				Base,
			);
			mainGroup = B87DD96C28C2434B00C8D312;
			packageReferences = (
				B87DD98C28C2458700C8D312 /* XCRemoteSwiftPackageReference "SnapKit" */,
				B8F09A6B28CC3A4E00E66190 /* XCRemoteSwiftPackageReference "Alamofire" */,
				B8F09A6E28CC3A5F00E66190 /* XCRemoteSwiftPackageReference "Kingfisher" */,
				B8110C3B28D1E8380004F0FB /* XCRemoteSwiftPackageReference "IBPCollectionViewCompositionalLayout" */,
			);
			productRefGroup = B87DD97628C2434B00C8D312 /* Products */;
			projectDirPath = "";
			projectRoot = "";
			targets = (
				B87DD97428C2434B00C8D312 /* SnapKitLayout */,
			);
		};
/* End PBXProject section */

/* Begin PBXResourcesBuildPhase section */
		B87DD97328C2434B00C8D312 /* Resources */ = {
			isa = PBXResourcesBuildPhase;
			buildActionMask = 2147483647;
			files = (
				B87DD98528C2434D00C8D312 /* LaunchScreen.storyboard in Resources */,
				B87DD98228C2434D00C8D312 /* Assets.xcassets in Resources */,
			);
			runOnlyForDeploymentPostprocessing = 0;
		};
/* End PBXResourcesBuildPhase section */

/* Begin PBXSourcesBuildPhase section */
		B87DD97128C2434B00C8D312 /* Sources */ = {
			isa = PBXSourcesBuildPhase;
			buildActionMask = 2147483647;
			files = (
				B87DD99228C2470400C8D312 /* VerticalCollectionVC.swift in Sources */,
				B87FFAAE28D5BEBC00002F1B /* DistinctSectionController.swift in Sources */,
				B87DD97D28C2434B00C8D312 /* MainViewController.swift in Sources */,
				B87FFAA428D1FD7D00002F1B /* InsetItemGridController.swift in Sources */,
				B839EB8A28CB221A00233A0A /* SampleVerticalCell.swift in Sources */,
				B87FFAAC28D359A800002F1B /* ListCell.swift in Sources */,
				B8F09A7628CC7B3100E66190 /* ImageDetailView.swift in Sources */,
				B87DD99428C2471900C8D312 /* HorizontalCollectionVC.swift in Sources */,
				B87DD97928C2434B00C8D312 /* AppDelegate.swift in Sources */,
				B8F09A7428CC610500E66190 /* Image.swift in Sources */,
				B87DD97B28C2434B00C8D312 /* SceneDelegate.swift in Sources */,
				B87FFAAA28D355C300002F1B /* DistinctCV.swift in Sources */,
				B87DD99028C246EC00C8D312 /* TableVC.swift in Sources */,
				B839EB8C28CB54A000233A0A /* SampleHorizontalCell.swift in Sources */,
				B87FFAA228D1FD5A00002F1B /* GridViewController.swift in Sources */,
				B87DD99828C2478F00C8D312 /* CompositeCollectionVC.swift in Sources */,
				B87DD99628C2474C00C8D312 /* GridCollectionVC.swift in Sources */,
				B87FFAA628D207BD00002F1B /* TextCell.swift in Sources */,
				B87FFAA828D349EE00002F1B /* TwoColumnGridController.swift in Sources */,
				B8F09A7228CC4F8700E66190 /* SampleGridCell.swift in Sources */,
			);
			runOnlyForDeploymentPostprocessing = 0;
		};
/* End PBXSourcesBuildPhase section */

/* Begin PBXVariantGroup section */
		B87DD98328C2434D00C8D312 /* LaunchScreen.storyboard */ = {
			isa = PBXVariantGroup;
			children = (
				B87DD98428C2434D00C8D312 /* Base */,
			);
			name = LaunchScreen.storyboard;
			sourceTree = "<group>";
		};
/* End PBXVariantGroup section */

/* Begin XCBuildConfiguration section */
		B87DD98728C2434D00C8D312 /* Debug */ = {
			isa = XCBuildConfiguration;
			buildSettings = {
				ALWAYS_SEARCH_USER_PATHS = NO;
				CLANG_ANALYZER_NONNULL = YES;
				CLANG_ANALYZER_NUMBER_OBJECT_CONVERSION = YES_AGGRESSIVE;
				CLANG_CXX_LANGUAGE_STANDARD = "gnu++17";
				CLANG_ENABLE_MODULES = YES;
				CLANG_ENABLE_OBJC_ARC = YES;
				CLANG_ENABLE_OBJC_WEAK = YES;
				CLANG_WARN_BLOCK_CAPTURE_AUTORELEASING = YES;
				CLANG_WARN_BOOL_CONVERSION = YES;
				CLANG_WARN_COMMA = YES;
				CLANG_WARN_CONSTANT_CONVERSION = YES;
				CLANG_WARN_DEPRECATED_OBJC_IMPLEMENTATIONS = YES;
				CLANG_WARN_DIRECT_OBJC_ISA_USAGE = YES_ERROR;
				CLANG_WARN_DOCUMENTATION_COMMENTS = YES;
				CLANG_WARN_EMPTY_BODY = YES;
				CLANG_WARN_ENUM_CONVERSION = YES;
				CLANG_WARN_INFINITE_RECURSION = YES;
				CLANG_WARN_INT_CONVERSION = YES;
				CLANG_WARN_NON_LITERAL_NULL_CONVERSION = YES;
				CLANG_WARN_OBJC_IMPLICIT_RETAIN_SELF = YES;
				CLANG_WARN_OBJC_LITERAL_CONVERSION = YES;
				CLANG_WARN_OBJC_ROOT_CLASS = YES_ERROR;
				CLANG_WARN_QUOTED_INCLUDE_IN_FRAMEWORK_HEADER = YES;
				CLANG_WARN_RANGE_LOOP_ANALYSIS = YES;
				CLANG_WARN_STRICT_PROTOTYPES = YES;
				CLANG_WARN_SUSPICIOUS_MOVE = YES;
				CLANG_WARN_UNGUARDED_AVAILABILITY = YES_AGGRESSIVE;
				CLANG_WARN_UNREACHABLE_CODE = YES;
				CLANG_WARN__DUPLICATE_METHOD_MATCH = YES;
				COPY_PHASE_STRIP = NO;
				DEBUG_INFORMATION_FORMAT = dwarf;
				ENABLE_STRICT_OBJC_MSGSEND = YES;
				ENABLE_TESTABILITY = YES;
				GCC_C_LANGUAGE_STANDARD = gnu11;
				GCC_DYNAMIC_NO_PIC = NO;
				GCC_NO_COMMON_BLOCKS = YES;
				GCC_OPTIMIZATION_LEVEL = 0;
				GCC_PREPROCESSOR_DEFINITIONS = (
					"DEBUG=1",
					"$(inherited)",
				);
				GCC_WARN_64_TO_32_BIT_CONVERSION = YES;
				GCC_WARN_ABOUT_RETURN_TYPE = YES_ERROR;
				GCC_WARN_UNDECLARED_SELECTOR = YES;
				GCC_WARN_UNINITIALIZED_AUTOS = YES_AGGRESSIVE;
				GCC_WARN_UNUSED_FUNCTION = YES;
				GCC_WARN_UNUSED_VARIABLE = YES;
				IPHONEOS_DEPLOYMENT_TARGET = 15.5;
				MTL_ENABLE_DEBUG_INFO = INCLUDE_SOURCE;
				MTL_FAST_MATH = YES;
				ONLY_ACTIVE_ARCH = YES;
				SDKROOT = iphoneos;
				SWIFT_ACTIVE_COMPILATION_CONDITIONS = DEBUG;
				SWIFT_OPTIMIZATION_LEVEL = "-Onone";
			};
			name = Debug;
		};
		B87DD98828C2434D00C8D312 /* Release */ = {
			isa = XCBuildConfiguration;
			buildSettings = {
				ALWAYS_SEARCH_USER_PATHS = NO;
				CLANG_ANALYZER_NONNULL = YES;
				CLANG_ANALYZER_NUMBER_OBJECT_CONVERSION = YES_AGGRESSIVE;
				CLANG_CXX_LANGUAGE_STANDARD = "gnu++17";
				CLANG_ENABLE_MODULES = YES;
				CLANG_ENABLE_OBJC_ARC = YES;
				CLANG_ENABLE_OBJC_WEAK = YES;
				CLANG_WARN_BLOCK_CAPTURE_AUTORELEASING = YES;
				CLANG_WARN_BOOL_CONVERSION = YES;
				CLANG_WARN_COMMA = YES;
				CLANG_WARN_CONSTANT_CONVERSION = YES;
				CLANG_WARN_DEPRECATED_OBJC_IMPLEMENTATIONS = YES;
				CLANG_WARN_DIRECT_OBJC_ISA_USAGE = YES_ERROR;
				CLANG_WARN_DOCUMENTATION_COMMENTS = YES;
				CLANG_WARN_EMPTY_BODY = YES;
				CLANG_WARN_ENUM_CONVERSION = YES;
				CLANG_WARN_INFINITE_RECURSION = YES;
				CLANG_WARN_INT_CONVERSION = YES;
				CLANG_WARN_NON_LITERAL_NULL_CONVERSION = YES;
				CLANG_WARN_OBJC_IMPLICIT_RETAIN_SELF = YES;
				CLANG_WARN_OBJC_LITERAL_CONVERSION = YES;
				CLANG_WARN_OBJC_ROOT_CLASS = YES_ERROR;
				CLANG_WARN_QUOTED_INCLUDE_IN_FRAMEWORK_HEADER = YES;
				CLANG_WARN_RANGE_LOOP_ANALYSIS = YES;
				CLANG_WARN_STRICT_PROTOTYPES = YES;
				CLANG_WARN_SUSPICIOUS_MOVE = YES;
				CLANG_WARN_UNGUARDED_AVAILABILITY = YES_AGGRESSIVE;
				CLANG_WARN_UNREACHABLE_CODE = YES;
				CLANG_WARN__DUPLICATE_METHOD_MATCH = YES;
				COPY_PHASE_STRIP = NO;
				DEBUG_INFORMATION_FORMAT = "dwarf-with-dsym";
				ENABLE_NS_ASSERTIONS = NO;
				ENABLE_STRICT_OBJC_MSGSEND = YES;
				GCC_C_LANGUAGE_STANDARD = gnu11;
				GCC_NO_COMMON_BLOCKS = YES;
				GCC_WARN_64_TO_32_BIT_CONVERSION = YES;
				GCC_WARN_ABOUT_RETURN_TYPE = YES_ERROR;
				GCC_WARN_UNDECLARED_SELECTOR = YES;
				GCC_WARN_UNINITIALIZED_AUTOS = YES_AGGRESSIVE;
				GCC_WARN_UNUSED_FUNCTION = YES;
				GCC_WARN_UNUSED_VARIABLE = YES;
				IPHONEOS_DEPLOYMENT_TARGET = 15.5;
				MTL_ENABLE_DEBUG_INFO = NO;
				MTL_FAST_MATH = YES;
				SDKROOT = iphoneos;
				SWIFT_COMPILATION_MODE = wholemodule;
				SWIFT_OPTIMIZATION_LEVEL = "-O";
				VALIDATE_PRODUCT = YES;
			};
			name = Release;
		};
		B87DD98A28C2434D00C8D312 /* Debug */ = {
			isa = XCBuildConfiguration;
			buildSettings = {
				ASSETCATALOG_COMPILER_APPICON_NAME = AppIcon;
				ASSETCATALOG_COMPILER_GLOBAL_ACCENT_COLOR_NAME = AccentColor;
				CODE_SIGN_STYLE = Automatic;
				CURRENT_PROJECT_VERSION = 1;
				DEVELOPMENT_TEAM = 35C3S834CG;
				GENERATE_INFOPLIST_FILE = YES;
				INFOPLIST_FILE = SnapKitLayout/Info.plist;
				INFOPLIST_KEY_UIApplicationSupportsIndirectInputEvents = YES;
				INFOPLIST_KEY_UILaunchStoryboardName = LaunchScreen;
				INFOPLIST_KEY_UISupportedInterfaceOrientations_iPad = "UIInterfaceOrientationPortrait UIInterfaceOrientationPortraitUpsideDown UIInterfaceOrientationLandscapeLeft UIInterfaceOrientationLandscapeRight";
				INFOPLIST_KEY_UISupportedInterfaceOrientations_iPhone = "UIInterfaceOrientationPortrait UIInterfaceOrientationLandscapeLeft UIInterfaceOrientationLandscapeRight";
				LD_RUNPATH_SEARCH_PATHS = (
					"$(inherited)",
					"@executable_path/Frameworks",
				);
				MARKETING_VERSION = 1.0;
				PRODUCT_BUNDLE_IDENTIFIER = kr.co.junotest01.SnapKitLayout;
				PRODUCT_NAME = "$(TARGET_NAME)";
				SWIFT_EMIT_LOC_STRINGS = YES;
				SWIFT_VERSION = 5.0;
				TARGETED_DEVICE_FAMILY = "1,2";
			};
			name = Debug;
		};
		B87DD98B28C2434D00C8D312 /* Release */ = {
			isa = XCBuildConfiguration;
			buildSettings = {
				ASSETCATALOG_COMPILER_APPICON_NAME = AppIcon;
				ASSETCATALOG_COMPILER_GLOBAL_ACCENT_COLOR_NAME = AccentColor;
				CODE_SIGN_STYLE = Automatic;
				CURRENT_PROJECT_VERSION = 1;
				DEVELOPMENT_TEAM = 35C3S834CG;
				GENERATE_INFOPLIST_FILE = YES;
				INFOPLIST_FILE = SnapKitLayout/Info.plist;
				INFOPLIST_KEY_UIApplicationSupportsIndirectInputEvents = YES;
				INFOPLIST_KEY_UILaunchStoryboardName = LaunchScreen;
				INFOPLIST_KEY_UISupportedInterfaceOrientations_iPad = "UIInterfaceOrientationPortrait UIInterfaceOrientationPortraitUpsideDown UIInterfaceOrientationLandscapeLeft UIInterfaceOrientationLandscapeRight";
				INFOPLIST_KEY_UISupportedInterfaceOrientations_iPhone = "UIInterfaceOrientationPortrait UIInterfaceOrientationLandscapeLeft UIInterfaceOrientationLandscapeRight";
				LD_RUNPATH_SEARCH_PATHS = (
					"$(inherited)",
					"@executable_path/Frameworks",
				);
				MARKETING_VERSION = 1.0;
				PRODUCT_BUNDLE_IDENTIFIER = kr.co.junotest01.SnapKitLayout;
				PRODUCT_NAME = "$(TARGET_NAME)";
				SWIFT_EMIT_LOC_STRINGS = YES;
				SWIFT_VERSION = 5.0;
				TARGETED_DEVICE_FAMILY = "1,2";
			};
			name = Release;
		};
/* End XCBuildConfiguration section */

/* Begin XCConfigurationList section */
		B87DD97028C2434B00C8D312 /* Build configuration list for PBXProject "SnapKitLayout" */ = {
			isa = XCConfigurationList;
			buildConfigurations = (
				B87DD98728C2434D00C8D312 /* Debug */,
				B87DD98828C2434D00C8D312 /* Release */,
			);
			defaultConfigurationIsVisible = 0;
			defaultConfigurationName = Release;
		};
		B87DD98928C2434D00C8D312 /* Build configuration list for PBXNativeTarget "SnapKitLayout" */ = {
			isa = XCConfigurationList;
			buildConfigurations = (
				B87DD98A28C2434D00C8D312 /* Debug */,
				B87DD98B28C2434D00C8D312 /* Release */,
			);
			defaultConfigurationIsVisible = 0;
			defaultConfigurationName = Release;
		};
/* End XCConfigurationList section */

/* Begin XCRemoteSwiftPackageReference section */
		B8110C3B28D1E8380004F0FB /* XCRemoteSwiftPackageReference "IBPCollectionViewCompositionalLayout" */ = {
			isa = XCRemoteSwiftPackageReference;
			repositoryURL = "https://github.com/kishikawakatsumi/IBPCollectionViewCompositionalLayout.git";
			requirement = {
				branch = master;
				kind = branch;
			};
		};
		B87DD98C28C2458700C8D312 /* XCRemoteSwiftPackageReference "SnapKit" */ = {
			isa = XCRemoteSwiftPackageReference;
			repositoryURL = "https://github.com/SnapKit/SnapKit.git";
			requirement = {
				kind = upToNextMajorVersion;
				minimumVersion = 5.0.0;
			};
		};
		B8F09A6B28CC3A4E00E66190 /* XCRemoteSwiftPackageReference "Alamofire" */ = {
			isa = XCRemoteSwiftPackageReference;
			repositoryURL = "https://github.com/Alamofire/Alamofire.git";
			requirement = {
				kind = upToNextMajorVersion;
				minimumVersion = 5.0.0;
			};
		};
		B8F09A6E28CC3A5F00E66190 /* XCRemoteSwiftPackageReference "Kingfisher" */ = {
			isa = XCRemoteSwiftPackageReference;
			repositoryURL = "https://github.com/onevcat/Kingfisher.git";
			requirement = {
				kind = upToNextMajorVersion;
				minimumVersion = 7.0.0;
			};
		};
/* End XCRemoteSwiftPackageReference section */

/* Begin XCSwiftPackageProductDependency section */
		B8110C3C28D1E8380004F0FB /* IBPCollectionViewCompositionalLayout */ = {
			isa = XCSwiftPackageProductDependency;
			package = B8110C3B28D1E8380004F0FB /* XCRemoteSwiftPackageReference "IBPCollectionViewCompositionalLayout" */;
			productName = IBPCollectionViewCompositionalLayout;
		};
		B87DD98D28C2458700C8D312 /* SnapKit */ = {
			isa = XCSwiftPackageProductDependency;
			package = B87DD98C28C2458700C8D312 /* XCRemoteSwiftPackageReference "SnapKit" */;
			productName = SnapKit;
		};
		B8F09A6C28CC3A4E00E66190 /* Alamofire */ = {
			isa = XCSwiftPackageProductDependency;
			package = B8F09A6B28CC3A4E00E66190 /* XCRemoteSwiftPackageReference "Alamofire" */;
			productName = Alamofire;
		};
		B8F09A6F28CC3A5F00E66190 /* Kingfisher */ = {
			isa = XCSwiftPackageProductDependency;
			package = B8F09A6E28CC3A5F00E66190 /* XCRemoteSwiftPackageReference "Kingfisher" */;
			productName = Kingfisher;
		};
/* End XCSwiftPackageProductDependency section */
	};
	rootObject = B87DD96D28C2434B00C8D312 /* Project object */;
}
